
Microsoft Visual Studio Solution File, Format Version 12.00
# Visual Studio Version 17
VisualStudioVersion = 17.8.34525.116
MinimumVisualStudioVersion = 10.0.40219.1
Project("{FAE04EC0-301F-11D3-BF4B-00C04F79EFBC}") = "ToDoList", "ToDoList.csproj", "{283FE63C-1DE4-44E9-AEC1-BC1171A11A18}"
EndProject
Global
	GlobalSection(SolutionConfigurationPlatforms) = preSolution
		Debug|Any CPU = Debug|Any CPU
		Release|Any CPU = Release|Any CPU
	EndGlobalSection
	GlobalSection(ProjectConfigurationPlatforms) = postSolution
		{283FE63C-1DE4-44E9-AEC1-BC1171A11A18}.Debug|Any CPU.ActiveCfg = Debug|Any CPU
		{283FE63C-1DE4-44E9-AEC1-BC1171A11A18}.Debug|Any CPU.Build.0 = Debug|Any CPU
		{283FE63C-1DE4-44E9-AEC1-BC1171A11A18}.Release|Any CPU.ActiveCfg = Release|Any CPU
		{283FE63C-1DE4-44E9-AEC1-BC1171A11A18}.Release|Any CPU.Build.0 = Release|Any CPU
	EndGlobalSection
	GlobalSection(SolutionProperties) = preSolution
		HideSolutionNode = FALSE
	EndGlobalSection
	GlobalSection(ExtensibilityGlobals) = postSolution
		SolutionGuid = {E8C75520-B1C1-4391-9859-4300584140AA}
	EndGlobalSection
EndGlobal
